<?xml version="1.0" encoding="utf-8"?>
<Project ToolsVersion="17.0" xmlns="http://schemas.microsoft.com/developer/msbuild/2003">
  <ItemGroup>
    <CustomBuild Include="C:\code\urland\CMakeFiles\628e5892bfe26b727ae2e537770f14d0\INSTALL_force.rule">
      <Filter>CMake Rules</Filter>
    </CustomBuild>
  </ItemGroup>
  <ItemGroup>
    <Filter Include="CMake Rules">
      <UniqueIdentifier>{E5874D9C-E9E2-3F99-A9A3-B06B7F14A597}</UniqueIdentifier>
    </Filter>
  </ItemGroup>
</Project>
