
Microsoft Visual Studio Solution File, Format Version 12.00
# Visual Studio Version 17
Project("{2150E333-8FDC-42A3-9474-1A3956D46DE8}") = "CMakePredefinedTargets", "CMakePredefinedTargets", "{4A684B24-BA14-3698-9CEF-1C2EE07604C7}"
EndProject
Project("{2150E333-8FDC-42A3-9474-1A3956D46DE8}") = "GLFW3", "GLFW3", "{F1826F72-B2AF-310C-A665-6EA121AF057B}"
EndProject
Project("{8BC9CEB8-8B4A-11D0-8D11-00A0C91BC942}") = "ALL_BUILD", "ALL_BUILD.vcxproj", "{8DDEC564-1B9D-3674-B3C9-2DE3910847BD}"
	ProjectSection(ProjectDependencies) = postProject
		{6D029C40-CE43-33D2-8806-6FBB0BA9A620} = {6D029C40-CE43-33D2-8806-6FBB0BA9A620}
		{16E0881D-3373-3EC5-9481-E6178DC2091A} = {16E0881D-3373-3EC5-9481-E6178DC2091A}
		{9415E929-CEB0-389C-AE9E-A9036C1A464E} = {9415E929-CEB0-389C-AE9E-A9036C1A464E}
		{01F727B2-4FA5-36CE-8A17-56BB73B137FF} = {01F727B2-4FA5-36CE-8A17-56BB73B137FF}
		{BD4378AE-2B84-3486-A52F-C7AE6570402F} = {BD4378AE-2B84-3486-A52F-C7AE6570402F}
	EndProjectSection
EndProject
Project("{8BC9CEB8-8B4A-11D0-8D11-00A0C91BC942}") = "FastNoise", "_deps\noise-build\src\FastNoise.vcxproj", "{6D029C40-CE43-33D2-8806-6FBB0BA9A620}"
	ProjectSection(ProjectDependencies) = postProject
		{16E0881D-3373-3EC5-9481-E6178DC2091A} = {16E0881D-3373-3EC5-9481-E6178DC2091A}
	EndProjectSection
EndProject
Project("{8BC9CEB8-8B4A-11D0-8D11-00A0C91BC942}") = "INSTALL", "INSTALL.vcxproj", "{6ABC8A2F-8733-3FA4-891B-8FE337E39854}"
	ProjectSection(ProjectDependencies) = postProject
		{8DDEC564-1B9D-3674-B3C9-2DE3910847BD} = {8DDEC564-1B9D-3674-B3C9-2DE3910847BD}
		{16E0881D-3373-3EC5-9481-E6178DC2091A} = {16E0881D-3373-3EC5-9481-E6178DC2091A}
	EndProjectSection
EndProject
Project("{8BC9CEB8-8B4A-11D0-8D11-00A0C91BC942}") = "PACKAGE", "PACKAGE.vcxproj", "{F9362A9C-E6A2-3AD2-A069-D90F817C2E62}"
	ProjectSection(ProjectDependencies) = postProject
		{8DDEC564-1B9D-3674-B3C9-2DE3910847BD} = {8DDEC564-1B9D-3674-B3C9-2DE3910847BD}
		{16E0881D-3373-3EC5-9481-E6178DC2091A} = {16E0881D-3373-3EC5-9481-E6178DC2091A}
	EndProjectSection
EndProject
Project("{8BC9CEB8-8B4A-11D0-8D11-00A0C91BC942}") = "ZERO_CHECK", "ZERO_CHECK.vcxproj", "{16E0881D-3373-3EC5-9481-E6178DC2091A}"
	ProjectSection(ProjectDependencies) = postProject
	EndProjectSection
EndProject
Project("{8BC9CEB8-8B4A-11D0-8D11-00A0C91BC942}") = "glfw", "_deps\raylib-build\raylib\external\glfw\src\glfw.vcxproj", "{9415E929-CEB0-389C-AE9E-A9036C1A464E}"
	ProjectSection(ProjectDependencies) = postProject
		{16E0881D-3373-3EC5-9481-E6178DC2091A} = {16E0881D-3373-3EC5-9481-E6178DC2091A}
	EndProjectSection
EndProject
Project("{8BC9CEB8-8B4A-11D0-8D11-00A0C91BC942}") = "raylib", "_deps\raylib-build\raylib\raylib.vcxproj", "{01F727B2-4FA5-36CE-8A17-56BB73B137FF}"
	ProjectSection(ProjectDependencies) = postProject
		{16E0881D-3373-3EC5-9481-E6178DC2091A} = {16E0881D-3373-3EC5-9481-E6178DC2091A}
		{9415E929-CEB0-389C-AE9E-A9036C1A464E} = {9415E929-CEB0-389C-AE9E-A9036C1A464E}
	EndProjectSection
EndProject
Project("{8BC9CEB8-8B4A-11D0-8D11-00A0C91BC942}") = "uninstall", "_deps\raylib-build\uninstall.vcxproj", "{93E734E6-EFF6-36C2-A8D3-55A7704CAA8C}"
	ProjectSection(ProjectDependencies) = postProject
		{16E0881D-3373-3EC5-9481-E6178DC2091A} = {16E0881D-3373-3EC5-9481-E6178DC2091A}
	EndProjectSection
EndProject
Project("{8BC9CEB8-8B4A-11D0-8D11-00A0C91BC942}") = "update_mappings", "_deps\raylib-build\raylib\external\glfw\src\update_mappings.vcxproj", "{8927BF20-A7D3-3A1D-8A7D-09EEDF24E8DC}"
	ProjectSection(ProjectDependencies) = postProject
		{16E0881D-3373-3EC5-9481-E6178DC2091A} = {16E0881D-3373-3EC5-9481-E6178DC2091A}
	EndProjectSection
EndProject
Project("{8BC9CEB8-8B4A-11D0-8D11-00A0C91BC942}") = "urland", "urland.vcxproj", "{BD4378AE-2B84-3486-A52F-C7AE6570402F}"
	ProjectSection(ProjectDependencies) = postProject
		{6D029C40-CE43-33D2-8806-6FBB0BA9A620} = {6D029C40-CE43-33D2-8806-6FBB0BA9A620}
		{16E0881D-3373-3EC5-9481-E6178DC2091A} = {16E0881D-3373-3EC5-9481-E6178DC2091A}
		{9415E929-CEB0-389C-AE9E-A9036C1A464E} = {9415E929-CEB0-389C-AE9E-A9036C1A464E}
		{01F727B2-4FA5-36CE-8A17-56BB73B137FF} = {01F727B2-4FA5-36CE-8A17-56BB73B137FF}
	EndProjectSection
EndProject
Global
	GlobalSection(SolutionConfigurationPlatforms) = preSolution
		Debug|x64 = Debug|x64
		Release|x64 = Release|x64
		MinSizeRel|x64 = MinSizeRel|x64
		RelWithDebInfo|x64 = RelWithDebInfo|x64
	EndGlobalSection
	GlobalSection(ProjectConfigurationPlatforms) = postSolution
		{8DDEC564-1B9D-3674-B3C9-2DE3910847BD}.Debug|x64.ActiveCfg = Debug|x64
		{8DDEC564-1B9D-3674-B3C9-2DE3910847BD}.Debug|x64.Build.0 = Debug|x64
		{8DDEC564-1B9D-3674-B3C9-2DE3910847BD}.Release|x64.ActiveCfg = Release|x64
		{8DDEC564-1B9D-3674-B3C9-2DE3910847BD}.Release|x64.Build.0 = Release|x64
		{8DDEC564-1B9D-3674-B3C9-2DE3910847BD}.MinSizeRel|x64.ActiveCfg = MinSizeRel|x64
		{8DDEC564-1B9D-3674-B3C9-2DE3910847BD}.MinSizeRel|x64.Build.0 = MinSizeRel|x64
		{8DDEC564-1B9D-3674-B3C9-2DE3910847BD}.RelWithDebInfo|x64.ActiveCfg = RelWithDebInfo|x64
		{8DDEC564-1B9D-3674-B3C9-2DE3910847BD}.RelWithDebInfo|x64.Build.0 = RelWithDebInfo|x64
		{6D029C40-CE43-33D2-8806-6FBB0BA9A620}.Debug|x64.ActiveCfg = Debug|x64
		{6D029C40-CE43-33D2-8806-6FBB0BA9A620}.Debug|x64.Build.0 = Debug|x64
		{6D029C40-CE43-33D2-8806-6FBB0BA9A620}.Release|x64.ActiveCfg = Release|x64
		{6D029C40-CE43-33D2-8806-6FBB0BA9A620}.Release|x64.Build.0 = Release|x64
		{6D029C40-CE43-33D2-8806-6FBB0BA9A620}.MinSizeRel|x64.ActiveCfg = MinSizeRel|x64
		{6D029C40-CE43-33D2-8806-6FBB0BA9A620}.MinSizeRel|x64.Build.0 = MinSizeRel|x64
		{6D029C40-CE43-33D2-8806-6FBB0BA9A620}.RelWithDebInfo|x64.ActiveCfg = RelWithDebInfo|x64
		{6D029C40-CE43-33D2-8806-6FBB0BA9A620}.RelWithDebInfo|x64.Build.0 = RelWithDebInfo|x64
		{6ABC8A2F-8733-3FA4-891B-8FE337E39854}.Debug|x64.ActiveCfg = Debug|x64
		{6ABC8A2F-8733-3FA4-891B-8FE337E39854}.Release|x64.ActiveCfg = Release|x64
		{6ABC8A2F-8733-3FA4-891B-8FE337E39854}.MinSizeRel|x64.ActiveCfg = MinSizeRel|x64
		{6ABC8A2F-8733-3FA4-891B-8FE337E39854}.RelWithDebInfo|x64.ActiveCfg = RelWithDebInfo|x64
		{F9362A9C-E6A2-3AD2-A069-D90F817C2E62}.Debug|x64.ActiveCfg = Debug|x64
		{F9362A9C-E6A2-3AD2-A069-D90F817C2E62}.Release|x64.ActiveCfg = Release|x64
		{F9362A9C-E6A2-3AD2-A069-D90F817C2E62}.MinSizeRel|x64.ActiveCfg = MinSizeRel|x64
		{F9362A9C-E6A2-3AD2-A069-D90F817C2E62}.RelWithDebInfo|x64.ActiveCfg = RelWithDebInfo|x64
		{16E0881D-3373-3EC5-9481-E6178DC2091A}.Debug|x64.ActiveCfg = Debug|x64
		{16E0881D-3373-3EC5-9481-E6178DC2091A}.Debug|x64.Build.0 = Debug|x64
		{16E0881D-3373-3EC5-9481-E6178DC2091A}.Release|x64.ActiveCfg = Release|x64
		{16E0881D-3373-3EC5-9481-E6178DC2091A}.Release|x64.Build.0 = Release|x64
		{16E0881D-3373-3EC5-9481-E6178DC2091A}.MinSizeRel|x64.ActiveCfg = MinSizeRel|x64
		{16E0881D-3373-3EC5-9481-E6178DC2091A}.MinSizeRel|x64.Build.0 = MinSizeRel|x64
		{16E0881D-3373-3EC5-9481-E6178DC2091A}.RelWithDebInfo|x64.ActiveCfg = RelWithDebInfo|x64
		{16E0881D-3373-3EC5-9481-E6178DC2091A}.RelWithDebInfo|x64.Build.0 = RelWithDebInfo|x64
		{9415E929-CEB0-389C-AE9E-A9036C1A464E}.Debug|x64.ActiveCfg = Debug|x64
		{9415E929-CEB0-389C-AE9E-A9036C1A464E}.Debug|x64.Build.0 = Debug|x64
		{9415E929-CEB0-389C-AE9E-A9036C1A464E}.Release|x64.ActiveCfg = Release|x64
		{9415E929-CEB0-389C-AE9E-A9036C1A464E}.Release|x64.Build.0 = Release|x64
		{9415E929-CEB0-389C-AE9E-A9036C1A464E}.MinSizeRel|x64.ActiveCfg = MinSizeRel|x64
		{9415E929-CEB0-389C-AE9E-A9036C1A464E}.MinSizeRel|x64.Build.0 = MinSizeRel|x64
		{9415E929-CEB0-389C-AE9E-A9036C1A464E}.RelWithDebInfo|x64.ActiveCfg = RelWithDebInfo|x64
		{9415E929-CEB0-389C-AE9E-A9036C1A464E}.RelWithDebInfo|x64.Build.0 = RelWithDebInfo|x64
		{01F727B2-4FA5-36CE-8A17-56BB73B137FF}.Debug|x64.ActiveCfg = Debug|x64
		{01F727B2-4FA5-36CE-8A17-56BB73B137FF}.Debug|x64.Build.0 = Debug|x64
		{01F727B2-4FA5-36CE-8A17-56BB73B137FF}.Release|x64.ActiveCfg = Release|x64
		{01F727B2-4FA5-36CE-8A17-56BB73B137FF}.Release|x64.Build.0 = Release|x64
		{01F727B2-4FA5-36CE-8A17-56BB73B137FF}.MinSizeRel|x64.ActiveCfg = MinSizeRel|x64
		{01F727B2-4FA5-36CE-8A17-56BB73B137FF}.MinSizeRel|x64.Build.0 = MinSizeRel|x64
		{01F727B2-4FA5-36CE-8A17-56BB73B137FF}.RelWithDebInfo|x64.ActiveCfg = RelWithDebInfo|x64
		{01F727B2-4FA5-36CE-8A17-56BB73B137FF}.RelWithDebInfo|x64.Build.0 = RelWithDebInfo|x64
		{93E734E6-EFF6-36C2-A8D3-55A7704CAA8C}.Debug|x64.ActiveCfg = Debug|x64
		{93E734E6-EFF6-36C2-A8D3-55A7704CAA8C}.Release|x64.ActiveCfg = Release|x64
		{93E734E6-EFF6-36C2-A8D3-55A7704CAA8C}.MinSizeRel|x64.ActiveCfg = MinSizeRel|x64
		{93E734E6-EFF6-36C2-A8D3-55A7704CAA8C}.RelWithDebInfo|x64.ActiveCfg = RelWithDebInfo|x64
		{8927BF20-A7D3-3A1D-8A7D-09EEDF24E8DC}.Debug|x64.ActiveCfg = Debug|x64
		{8927BF20-A7D3-3A1D-8A7D-09EEDF24E8DC}.Release|x64.ActiveCfg = Release|x64
		{8927BF20-A7D3-3A1D-8A7D-09EEDF24E8DC}.MinSizeRel|x64.ActiveCfg = MinSizeRel|x64
		{8927BF20-A7D3-3A1D-8A7D-09EEDF24E8DC}.RelWithDebInfo|x64.ActiveCfg = RelWithDebInfo|x64
		{BD4378AE-2B84-3486-A52F-C7AE6570402F}.Debug|x64.ActiveCfg = Debug|x64
		{BD4378AE-2B84-3486-A52F-C7AE6570402F}.Debug|x64.Build.0 = Debug|x64
		{BD4378AE-2B84-3486-A52F-C7AE6570402F}.Release|x64.ActiveCfg = Release|x64
		{BD4378AE-2B84-3486-A52F-C7AE6570402F}.Release|x64.Build.0 = Release|x64
		{BD4378AE-2B84-3486-A52F-C7AE6570402F}.MinSizeRel|x64.ActiveCfg = MinSizeRel|x64
		{BD4378AE-2B84-3486-A52F-C7AE6570402F}.MinSizeRel|x64.Build.0 = MinSizeRel|x64
		{BD4378AE-2B84-3486-A52F-C7AE6570402F}.RelWithDebInfo|x64.ActiveCfg = RelWithDebInfo|x64
		{BD4378AE-2B84-3486-A52F-C7AE6570402F}.RelWithDebInfo|x64.Build.0 = RelWithDebInfo|x64
	EndGlobalSection
	GlobalSection(NestedProjects) = preSolution
		{8DDEC564-1B9D-3674-B3C9-2DE3910847BD} = {4A684B24-BA14-3698-9CEF-1C2EE07604C7}
		{6ABC8A2F-8733-3FA4-891B-8FE337E39854} = {4A684B24-BA14-3698-9CEF-1C2EE07604C7}
		{F9362A9C-E6A2-3AD2-A069-D90F817C2E62} = {4A684B24-BA14-3698-9CEF-1C2EE07604C7}
		{16E0881D-3373-3EC5-9481-E6178DC2091A} = {4A684B24-BA14-3698-9CEF-1C2EE07604C7}
		{9415E929-CEB0-389C-AE9E-A9036C1A464E} = {F1826F72-B2AF-310C-A665-6EA121AF057B}
		{8927BF20-A7D3-3A1D-8A7D-09EEDF24E8DC} = {F1826F72-B2AF-310C-A665-6EA121AF057B}
	EndGlobalSection
	GlobalSection(ExtensibilityGlobals) = postSolution
		SolutionGuid = {FB97BA13-4CD0-3BE6-AE85-700A89D87F4E}
	EndGlobalSection
	GlobalSection(ExtensibilityAddIns) = postSolution
	EndGlobalSection
EndGlobal
